PODS:
  - Capacitor (7.6.7):
    - CapacitorCordova
  - CapacitorCordova (7.6.7)
  - CapacitorGeolocation (7.1.8):
    - Capacitor
    - IONGeolocationLib (= 1.0.1)
  - CapacitorLocalNotifications (7.0.6):
    - Capacitor
  - CapacitorPushNotifications (7.0.6):
    - Capacitor
  - IONGeolocationLib (1.0.1)

DEPENDENCIES:
  - "Capacitor (from `../../node_modules/.pnpm/@capacitor+ios@7.6.7_@capacitor+core@7.6.7/node_modules/@capacitor/ios`)"
  - "CapacitorCordova (from `../../node_modules/.pnpm/@capacitor+ios@7.6.7_@capacitor+core@7.6.7/node_modules/@capacitor/ios`)"
  - "CapacitorGeolocation (from `../../node_modules/.pnpm/@capacitor+geolocation@7.1.8_@capacitor+core@7.6.7/node_modules/@capacitor/geolocation`)"
  - "CapacitorLocalNotifications (from `../../node_modules/.pnpm/@capacitor+local-notifications@7.0.6_@capacitor+core@7.6.7/node_modules/@capacitor/local-notifications`)"
  - "CapacitorPushNotifications (from `../../node_modules/.pnpm/@capacitor+push-notifications@7.0.6_@capacitor+core@7.6.7/node_modules/@capacitor/push-notifications`)"

SPEC REPOS:
  trunk:
    - IONGeolocationLib

EXTERNAL SOURCES:
  Capacitor:
    :path: "../../node_modules/.pnpm/@capacitor+ios@7.6.7_@capacitor+core@7.6.7/node_modules/@capacitor/ios"
  CapacitorCordova:
    :path: "../../node_modules/.pnpm/@capacitor+ios@7.6.7_@capacitor+core@7.6.7/node_modules/@capacitor/ios"
  CapacitorGeolocation:
    :path: "../../node_modules/.pnpm/@capacitor+geolocation@7.1.8_@capacitor+core@7.6.7/node_modules/@capacitor/geolocation"
  CapacitorLocalNotifications:
    :path: "../../node_modules/.pnpm/@capacitor+local-notifications@7.0.6_@capacitor+core@7.6.7/node_modules/@capacitor/local-notifications"
  CapacitorPushNotifications:
    :path: "../../node_modules/.pnpm/@capacitor+push-notifications@7.0.6_@capacitor+core@7.6.7/node_modules/@capacitor/push-notifications"

SPEC CHECKSUMS:
  Capacitor: 8ef25ba872436d2c5ac2a4791f7255529bdcd93b
  CapacitorCordova: 139e2ed3d91c54b5aeae7941135c9f9aefc6da1d
  CapacitorGeolocation: ab54d708e2fcf99a7bafe0219eaa6f7a932f001a
  CapacitorLocalNotifications: 2e3f5b717ec9cd2bd64d93c99a9470941e1c80be
  CapacitorPushNotifications: b8e30637549ce91468b8c4dddbef2657be831f4c
  IONGeolocationLib: 20f9d0248a0b5264511fb57a37e25dd2badf797a

PODFILE CHECKSUM: 60da197a771bbee4ed12d8c54d9625da48c12289

COCOAPODS: 1.16.2
